// !$*UTF8*$!
{
	archiveVersion = 1;
	classes = {
	};
	objectVersion = 56;
	objects = {

/* Begin PBXBuildFile section */
		560735D72990C2C900097A3A /* AppDelegate.swift in Sources */ = {isa = PBXBuildFile; fileRef = 560735D62990C2C900097A3A /* AppDelegate.swift */; };
		560735DB2990C2C900097A3A /* MainViewController.swift in Sources */ = {isa = PBXBuildFile; fileRef = 560735DA2990C2C900097A3A /* MainViewController.swift */; };
		560735DE2990C2C900097A3A /* Main.storyboard in Resources */ = {isa = PBXBuildFile; fileRef = 560735DC2990C2C900097A3A /* Main.storyboard */; };
		560735E02990C2CA00097A3A /* Assets.xcassets in Resources */ = {isa = PBXBuildFile; fileRef = 560735DF2990C2CA00097A3A /* Assets.xcassets */; };
		560735E32990C2CA00097A3A /* LaunchScreen.storyboard in Resources */ = {isa = PBXBuildFile; fileRef = 560735E12990C2CA00097A3A /* LaunchScreen.storyboard */; };
		560735EE2990C2CA00097A3A /* SQLayoutTests.swift in Sources */ = {isa = PBXBuildFile; fileRef = 560735ED2990C2CA00097A3A /* SQLayoutTests.swift */; };
		560735F82990C2CA00097A3A /* SQLayoutUITests.swift in Sources */ = {isa = PBXBuildFile; fileRef = 560735F72990C2CA00097A3A /* SQLayoutUITests.swift */; };
		560735FA2990C2CA00097A3A /* SQLayoutUITestsLaunchTests.swift in Sources */ = {isa = PBXBuildFile; fileRef = 560735F92990C2CA00097A3A /* SQLayoutUITestsLaunchTests.swift */; };
		560736072990C4CB00097A3A /* SQLayoutItem.swift in Sources */ = {isa = PBXBuildFile; fileRef = 560736062990C4CB00097A3A /* SQLayoutItem.swift */; };
		56073609299173D600097A3A /* SQLayoutTypes.swift in Sources */ = {isa = PBXBuildFile; fileRef = 56073608299173D600097A3A /* SQLayoutTypes.swift */; };
		5607360B2991834E00097A3A /* SQLayoutContainer.swift in Sources */ = {isa = PBXBuildFile; fileRef = 5607360A2991834E00097A3A /* SQLayoutContainer.swift */; };
		5607360D2991CD3100097A3A /* SQLayoutView.swift in Sources */ = {isa = PBXBuildFile; fileRef = 5607360C2991CD3100097A3A /* SQLayoutView.swift */; };
		5607360F2991D5EF00097A3A /* SQLayoutCalculators.swift in Sources */ = {isa = PBXBuildFile; fileRef = 5607360E2991D5EF00097A3A /* SQLayoutCalculators.swift */; };
/* End PBXBuildFile section */

/* Begin PBXContainerItemProxy section */
		560735EA2990C2CA00097A3A /* PBXContainerItemProxy */ = {
			isa = PBXContainerItemProxy;
			containerPortal = 560735CB2990C2C900097A3A /* Project object */;
			proxyType = 1;
			remoteGlobalIDString = 560735D22990C2C900097A3A;
			remoteInfo = SLKit;
		};
		560735F42990C2CA00097A3A /* PBXContainerItemProxy */ = {
			isa = PBXContainerItemProxy;
			containerPortal = 560735CB2990C2C900097A3A /* Project object */;
			proxyType = 1;
			remoteGlobalIDString = 560735D22990C2C900097A3A;
			remoteInfo = SLKit;
		};
/* End PBXContainerItemProxy section */

/* Begin PBXFileReference section */
		560735D32990C2C900097A3A /* SQLayout.app */ = {isa = PBXFileReference; explicitFileType = wrapper.application; includeInIndex = 0; path = SQLayout.app; sourceTree = BUILT_PRODUCTS_DIR; };
		560735D62990C2C900097A3A /* AppDelegate.swift */ = {isa = PBXFileReference; lastKnownFileType = sourcecode.swift; path = AppDelegate.swift; sourceTree = "<group>"; };
		560735DA2990C2C900097A3A /* MainViewController.swift */ = {isa = PBXFileReference; lastKnownFileType = sourcecode.swift; path = MainViewController.swift; sourceTree = "<group>"; };
		560735DD2990C2C900097A3A /* Base */ = {isa = PBXFileReference; lastKnownFileType = file.storyboard; name = Base; path = Base.lproj/Main.storyboard; sourceTree = "<group>"; };
		560735DF2990C2CA00097A3A /* Assets.xcassets */ = {isa = PBXFileReference; lastKnownFileType = folder.assetcatalog; path = Assets.xcassets; sourceTree = "<group>"; };
		560735E22990C2CA00097A3A /* Base */ = {isa = PBXFileReference; lastKnownFileType = file.storyboard; name = Base; path = Base.lproj/LaunchScreen.storyboard; sourceTree = "<group>"; };
		560735E42990C2CA00097A3A /* Info.plist */ = {isa = PBXFileReference; lastKnownFileType = text.plist.xml; path = Info.plist; sourceTree = "<group>"; };
		560735E92990C2CA00097A3A /* SQLayoutTests.xctest */ = {isa = PBXFileReference; explicitFileType = wrapper.cfbundle; includeInIndex = 0; path = SQLayoutTests.xctest; sourceTree = BUILT_PRODUCTS_DIR; };
		560735ED2990C2CA00097A3A /* SQLayoutTests.swift */ = {isa = PBXFileReference; lastKnownFileType = sourcecode.swift; path = SQLayoutTests.swift; sourceTree = "<group>"; };
		560735F32990C2CA00097A3A /* SQLayoutUITests.xctest */ = {isa = PBXFileReference; explicitFileType = wrapper.cfbundle; includeInIndex = 0; path = SQLayoutUITests.xctest; sourceTree = BUILT_PRODUCTS_DIR; };
		560735F72990C2CA00097A3A /* SQLayoutUITests.swift */ = {isa = PBXFileReference; lastKnownFileType = sourcecode.swift; path = SQLayoutUITests.swift; sourceTree = "<group>"; };
		560735F92990C2CA00097A3A /* SQLayoutUITestsLaunchTests.swift */ = {isa = PBXFileReference; lastKnownFileType = sourcecode.swift; path = SQLayoutUITestsLaunchTests.swift; sourceTree = "<group>"; };
		560736062990C4CB00097A3A /* SQLayoutItem.swift */ = {isa = PBXFileReference; lastKnownFileType = sourcecode.swift; path = SQLayoutItem.swift; sourceTree = "<group>"; };
		56073608299173D600097A3A /* SQLayoutTypes.swift */ = {isa = PBXFileReference; lastKnownFileType = sourcecode.swift; path = SQLayoutTypes.swift; sourceTree = "<group>"; };
		5607360A2991834E00097A3A /* SQLayoutContainer.swift */ = {isa = PBXFileReference; lastKnownFileType = sourcecode.swift; path = SQLayoutContainer.swift; sourceTree = "<group>"; };
		5607360C2991CD3100097A3A /* SQLayoutView.swift */ = {isa = PBXFileReference; lastKnownFileType = sourcecode.swift; path = SQLayoutView.swift; sourceTree = "<group>"; };
		5607360E2991D5EF00097A3A /* SQLayoutCalculators.swift */ = {isa = PBXFileReference; lastKnownFileType = sourcecode.swift; path = SQLayoutCalculators.swift; sourceTree = "<group>"; };
/* End PBXFileReference section */

/* Begin PBXFrameworksBuildPhase section */
		560735D02990C2C900097A3A /* Frameworks */ = {
			isa = PBXFrameworksBuildPhase;
			buildActionMask = 2147483647;
			files = (
			);
			runOnlyForDeploymentPostprocessing = 0;
		};
		560735E62990C2CA00097A3A /* Frameworks */ = {
			isa = PBXFrameworksBuildPhase;
			buildActionMask = 2147483647;
			files = (
			);
			runOnlyForDeploymentPostprocessing = 0;
		};
		560735F02990C2CA00097A3A /* Frameworks */ = {
			isa = PBXFrameworksBuildPhase;
			buildActionMask = 2147483647;
			files = (
			);
			runOnlyForDeploymentPostprocessing = 0;
		};
/* End PBXFrameworksBuildPhase section */

/* Begin PBXGroup section */
		560735CA2990C2C900097A3A = {
			isa = PBXGroup;
			children = (
				560736102992FA8400097A3A /* SQLayout */,
				560735D52990C2C900097A3A /* TestApp */,
				560735EC2990C2CA00097A3A /* SQLayoutTests */,
				560735F62990C2CA00097A3A /* SQLayoutUITests */,
				560735D42990C2C900097A3A /* Products */,
			);
			sourceTree = "<group>";
		};
		560735D42990C2C900097A3A /* Products */ = {
			isa = PBXGroup;
			children = (
				560735D32990C2C900097A3A /* SQLayout.app */,
				560735E92990C2CA00097A3A /* SQLayoutTests.xctest */,
				560735F32990C2CA00097A3A /* SQLayoutUITests.xctest */,
			);
			name = Products;
			sourceTree = "<group>";
		};
		560735D52990C2C900097A3A /* TestApp */ = {
			isa = PBXGroup;
			children = (
				560735D62990C2C900097A3A /* AppDelegate.swift */,
				560735DA2990C2C900097A3A /* MainViewController.swift */,
				560735DC2990C2C900097A3A /* Main.storyboard */,
				560735DF2990C2CA00097A3A /* Assets.xcassets */,
				560735E12990C2CA00097A3A /* LaunchScreen.storyboard */,
				560735E42990C2CA00097A3A /* Info.plist */,
			);
			path = TestApp;
			sourceTree = "<group>";
		};
		560735EC2990C2CA00097A3A /* SQLayoutTests */ = {
			isa = PBXGroup;
			children = (
				560735ED2990C2CA00097A3A /* SQLayoutTests.swift */,
			);
			path = SQLayoutTests;
			sourceTree = "<group>";
		};
		560735F62990C2CA00097A3A /* SQLayoutUITests */ = {
			isa = PBXGroup;
			children = (
				560735F72990C2CA00097A3A /* SQLayoutUITests.swift */,
				560735F92990C2CA00097A3A /* SQLayoutUITestsLaunchTests.swift */,
			);
			path = SQLayoutUITests;
			sourceTree = "<group>";
		};
		560736102992FA8400097A3A /* SQLayout */ = {
			isa = PBXGroup;
			children = (
				5607360E2991D5EF00097A3A /* SQLayoutCalculators.swift */,
				5607360A2991834E00097A3A /* SQLayoutContainer.swift */,
				560736062990C4CB00097A3A /* SQLayoutItem.swift */,
				56073608299173D600097A3A /* SQLayoutTypes.swift */,
				5607360C2991CD3100097A3A /* SQLayoutView.swift */,
			);
			path = SQLayout;
			sourceTree = "<group>";
		};
/* End PBXGroup section */

/* Begin PBXNativeTarget section */
		560735D22990C2C900097A3A /* SQLayout */ = {
			isa = PBXNativeTarget;
			buildConfigurationList = 560735FD2990C2CA00097A3A /* Build configuration list for PBXNativeTarget "SQLayout" */;
			buildPhases = (
				560735CF2990C2C900097A3A /* Sources */,
				560735D02990C2C900097A3A /* Frameworks */,
				560735D12990C2C900097A3A /* Resources */,
			);
			buildRules = (
			);
			dependencies = (
			);
			name = SQLayout;
			productName = SLKit;
			productReference = 560735D32990C2C900097A3A /* SQLayout.app */;
			productType = "com.apple.product-type.application";
		};
		560735E82990C2CA00097A3A /* SQLayoutTests */ = {
			isa = PBXNativeTarget;
			buildConfigurationList = 560736002990C2CA00097A3A /* Build configuration list for PBXNativeTarget "SQLayoutTests" */;
			buildPhases = (
				560735E52990C2CA00097A3A /* Sources */,
				560735E62990C2CA00097A3A /* Frameworks */,
				560735E72990C2CA00097A3A /* Resources */,
			);
			buildRules = (
			);
			dependencies = (
				560735EB2990C2CA00097A3A /* PBXTargetDependency */,
			);
			name = SQLayoutTests;
			productName = SLKitTests;
			productReference = 560735E92990C2CA00097A3A /* SQLayoutTests.xctest */;
			productType = "com.apple.product-type.bundle.unit-test";
		};
		560735F22990C2CA00097A3A /* SQLayoutUITests */ = {
			isa = PBXNativeTarget;
			buildConfigurationList = 560736032990C2CA00097A3A /* Build configuration list for PBXNativeTarget "SQLayoutUITests" */;
			buildPhases = (
				560735EF2990C2CA00097A3A /* Sources */,
				560735F02990C2CA00097A3A /* Frameworks */,
				560735F12990C2CA00097A3A /* Resources */,
			);
			buildRules = (
			);
			dependencies = (
				560735F52990C2CA00097A3A /* PBXTargetDependency */,
			);
			name = SQLayoutUITests;
			productName = SLKitUITests;
			productReference = 560735F32990C2CA00097A3A /* SQLayoutUITests.xctest */;
			productType = "com.apple.product-type.bundle.ui-testing";
		};
/* End PBXNativeTarget section */

/* Begin PBXProject section */
		560735CB2990C2C900097A3A /* Project object */ = {
			isa = PBXProject;
			attributes = {
				BuildIndependentTargetsInParallel = 1;
				LastSwiftUpdateCheck = 1410;
				LastUpgradeCheck = 1410;
				TargetAttributes = {
					560735D22990C2C900097A3A = {
						CreatedOnToolsVersion = 14.1;
					};
					560735E82990C2CA00097A3A = {
						CreatedOnToolsVersion = 14.1;
						TestTargetID = 560735D22990C2C900097A3A;
					};
					560735F22990C2CA00097A3A = {
						CreatedOnToolsVersion = 14.1;
						TestTargetID = 560735D22990C2C900097A3A;
					};
				};
			};
			buildConfigurationList = 560735CE2990C2C900097A3A /* Build configuration list for PBXProject "SQLayout" */;
			compatibilityVersion = "Xcode 14.0";
			developmentRegion = en;
			hasScannedForEncodings = 0;
			knownRegions = (
				en,
				Base,
			);
			mainGroup = 560735CA2990C2C900097A3A;
			productRefGroup = 560735D42990C2C900097A3A /* Products */;
			projectDirPath = "";
			projectRoot = "";
			targets = (
				560735D22990C2C900097A3A /* SQLayout */,
				560735E82990C2CA00097A3A /* SQLayoutTests */,
				560735F22990C2CA00097A3A /* SQLayoutUITests */,
			);
		};
/* End PBXProject section */

/* Begin PBXResourcesBuildPhase section */
		560735D12990C2C900097A3A /* Resources */ = {
			isa = PBXResourcesBuildPhase;
			buildActionMask = 2147483647;
			files = (
				560735E32990C2CA00097A3A /* LaunchScreen.storyboard in Resources */,
				560735E02990C2CA00097A3A /* Assets.xcassets in Resources */,
				560735DE2990C2C900097A3A /* Main.storyboard in Resources */,
			);
			runOnlyForDeploymentPostprocessing = 0;
		};
		560735E72990C2CA00097A3A /* Resources */ = {
			isa = PBXResourcesBuildPhase;
			buildActionMask = 2147483647;
			files = (
			);
			runOnlyForDeploymentPostprocessing = 0;
		};
		560735F12990C2CA00097A3A /* Resources */ = {
			isa = PBXResourcesBuildPhase;
			buildActionMask = 2147483647;
			files = (
			);
			runOnlyForDeploymentPostprocessing = 0;
		};
/* End PBXResourcesBuildPhase section */

/* Begin PBXSourcesBuildPhase section */
		560735CF2990C2C900097A3A /* Sources */ = {
			isa = PBXSourcesBuildPhase;
			buildActionMask = 2147483647;
			files = (
				5607360D2991CD3100097A3A /* SQLayoutView.swift in Sources */,
				560735DB2990C2C900097A3A /* MainViewController.swift in Sources */,
				56073609299173D600097A3A /* SQLayoutTypes.swift in Sources */,
				5607360F2991D5EF00097A3A /* SQLayoutCalculators.swift in Sources */,
				5607360B2991834E00097A3A /* SQLayoutContainer.swift in Sources */,
				560735D72990C2C900097A3A /* AppDelegate.swift in Sources */,
				560736072990C4CB00097A3A /* SQLayoutItem.swift in Sources */,
			);
			runOnlyForDeploymentPostprocessing = 0;
		};
		560735E52990C2CA00097A3A /* Sources */ = {
			isa = PBXSourcesBuildPhase;
			buildActionMask = 2147483647;
			files = (
				560735EE2990C2CA00097A3A /* SQLayoutTests.swift in Sources */,
			);
			runOnlyForDeploymentPostprocessing = 0;
		};
		560735EF2990C2CA00097A3A /* Sources */ = {
			isa = PBXSourcesBuildPhase;
			buildActionMask = 2147483647;
			files = (
				560735FA2990C2CA00097A3A /* SQLayoutUITestsLaunchTests.swift in Sources */,
				560735F82990C2CA00097A3A /* SQLayoutUITests.swift in Sources */,
			);
			runOnlyForDeploymentPostprocessing = 0;
		};
/* End PBXSourcesBuildPhase section */

/* Begin PBXTargetDependency section */
		560735EB2990C2CA00097A3A /* PBXTargetDependency */ = {
			isa = PBXTargetDependency;
			target = 560735D22990C2C900097A3A /* SQLayout */;
			targetProxy = 560735EA2990C2CA00097A3A /* PBXContainerItemProxy */;
		};
		560735F52990C2CA00097A3A /* PBXTargetDependency */ = {
			isa = PBXTargetDependency;
			target = 560735D22990C2C900097A3A /* SQLayout */;
			targetProxy = 560735F42990C2CA00097A3A /* PBXContainerItemProxy */;
		};
/* End PBXTargetDependency section */

/* Begin PBXVariantGroup section */
		560735DC2990C2C900097A3A /* Main.storyboard */ = {
			isa = PBXVariantGroup;
			children = (
				560735DD2990C2C900097A3A /* Base */,
			);
			name = Main.storyboard;
			sourceTree = "<group>";
		};
		560735E12990C2CA00097A3A /* LaunchScreen.storyboard */ = {
			isa = PBXVariantGroup;
			children = (
				560735E22990C2CA00097A3A /* Base */,
			);
			name = LaunchScreen.storyboard;
			sourceTree = "<group>";
		};
/* End PBXVariantGroup section */

/* Begin XCBuildConfiguration section */
		560735FB2990C2CA00097A3A /* Debug */ = {
			isa = XCBuildConfiguration;
			buildSettings = {
				ALWAYS_SEARCH_USER_PATHS = NO;
				CLANG_ANALYZER_NONNULL = YES;
				CLANG_ANALYZER_NUMBER_OBJECT_CONVERSION = YES_AGGRESSIVE;
				CLANG_CXX_LANGUAGE_STANDARD = "gnu++20";
				CLANG_ENABLE_MODULES = YES;
				CLANG_ENABLE_OBJC_ARC = YES;
				CLANG_ENABLE_OBJC_WEAK = YES;
				CLANG_WARN_BLOCK_CAPTURE_AUTORELEASING = YES;
				CLANG_WARN_BOOL_CONVERSION = YES;
				CLANG_WARN_COMMA = YES;
				CLANG_WARN_CONSTANT_CONVERSION = YES;
				CLANG_WARN_DEPRECATED_OBJC_IMPLEMENTATIONS = YES;
				CLANG_WARN_DIRECT_OBJC_ISA_USAGE = YES_ERROR;
				CLANG_WARN_DOCUMENTATION_COMMENTS = YES;
				CLANG_WARN_EMPTY_BODY = YES;
				CLANG_WARN_ENUM_CONVERSION = YES;
				CLANG_WARN_INFINITE_RECURSION = YES;
				CLANG_WARN_INT_CONVERSION = YES;
				CLANG_WARN_NON_LITERAL_NULL_CONVERSION = YES;
				CLANG_WARN_OBJC_IMPLICIT_RETAIN_SELF = YES;
				CLANG_WARN_OBJC_LITERAL_CONVERSION = YES;
				CLANG_WARN_OBJC_ROOT_CLASS = YES_ERROR;
				CLANG_WARN_QUOTED_INCLUDE_IN_FRAMEWORK_HEADER = YES;
				CLANG_WARN_RANGE_LOOP_ANALYSIS = YES;
				CLANG_WARN_STRICT_PROTOTYPES = YES;
				CLANG_WARN_SUSPICIOUS_MOVE = YES;
				CLANG_WARN_UNGUARDED_AVAILABILITY = YES_AGGRESSIVE;
				CLANG_WARN_UNREACHABLE_CODE = YES;
				CLANG_WARN__DUPLICATE_METHOD_MATCH = YES;
				COPY_PHASE_STRIP = NO;
				DEBUG_INFORMATION_FORMAT = dwarf;
				ENABLE_STRICT_OBJC_MSGSEND = YES;
				ENABLE_TESTABILITY = YES;
				GCC_C_LANGUAGE_STANDARD = gnu11;
				GCC_DYNAMIC_NO_PIC = NO;
				GCC_NO_COMMON_BLOCKS = YES;
				GCC_OPTIMIZATION_LEVEL = 0;
				GCC_PREPROCESSOR_DEFINITIONS = (
					"DEBUG=1",
					"$(inherited)",
				);
				GCC_WARN_64_TO_32_BIT_CONVERSION = YES;
				GCC_WARN_ABOUT_RETURN_TYPE = YES_ERROR;
				GCC_WARN_UNDECLARED_SELECTOR = YES;
				GCC_WARN_UNINITIALIZED_AUTOS = YES_AGGRESSIVE;
				GCC_WARN_UNUSED_FUNCTION = YES;
				GCC_WARN_UNUSED_VARIABLE = YES;
				IPHONEOS_DEPLOYMENT_TARGET = 16.1;
				MTL_ENABLE_DEBUG_INFO = INCLUDE_SOURCE;
				MTL_FAST_MATH = YES;
				ONLY_ACTIVE_ARCH = YES;
				SDKROOT = iphoneos;
				SWIFT_ACTIVE_COMPILATION_CONDITIONS = DEBUG;
				SWIFT_OPTIMIZATION_LEVEL = "-Onone";
			};
			name = Debug;
		};
		560735FC2990C2CA00097A3A /* Release */ = {
			isa = XCBuildConfiguration;
			buildSettings = {
				ALWAYS_SEARCH_USER_PATHS = NO;
				CLANG_ANALYZER_NONNULL = YES;
				CLANG_ANALYZER_NUMBER_OBJECT_CONVERSION = YES_AGGRESSIVE;
				CLANG_CXX_LANGUAGE_STANDARD = "gnu++20";
				CLANG_ENABLE_MODULES = YES;
				CLANG_ENABLE_OBJC_ARC = YES;
				CLANG_ENABLE_OBJC_WEAK = YES;
				CLANG_WARN_BLOCK_CAPTURE_AUTORELEASING = YES;
				CLANG_WARN_BOOL_CONVERSION = YES;
				CLANG_WARN_COMMA = YES;
				CLANG_WARN_CONSTANT_CONVERSION = YES;
				CLANG_WARN_DEPRECATED_OBJC_IMPLEMENTATIONS = YES;
				CLANG_WARN_DIRECT_OBJC_ISA_USAGE = YES_ERROR;
				CLANG_WARN_DOCUMENTATION_COMMENTS = YES;
				CLANG_WARN_EMPTY_BODY = YES;
				CLANG_WARN_ENUM_CONVERSION = YES;
				CLANG_WARN_INFINITE_RECURSION = YES;
				CLANG_WARN_INT_CONVERSION = YES;
				CLANG_WARN_NON_LITERAL_NULL_CONVERSION = YES;
				CLANG_WARN_OBJC_IMPLICIT_RETAIN_SELF = YES;
				CLANG_WARN_OBJC_LITERAL_CONVERSION = YES;
				CLANG_WARN_OBJC_ROOT_CLASS = YES_ERROR;
				CLANG_WARN_QUOTED_INCLUDE_IN_FRAMEWORK_HEADER = YES;
				CLANG_WARN_RANGE_LOOP_ANALYSIS = YES;
				CLANG_WARN_STRICT_PROTOTYPES = YES;
				CLANG_WARN_SUSPICIOUS_MOVE = YES;
				CLANG_WARN_UNGUARDED_AVAILABILITY = YES_AGGRESSIVE;
				CLANG_WARN_UNREACHABLE_CODE = YES;
				CLANG_WARN__DUPLICATE_METHOD_MATCH = YES;
				COPY_PHASE_STRIP = NO;
				DEBUG_INFORMATION_FORMAT = "dwarf-with-dsym";
				ENABLE_NS_ASSERTIONS = NO;
				ENABLE_STRICT_OBJC_MSGSEND = YES;
				GCC_C_LANGUAGE_STANDARD = gnu11;
				GCC_NO_COMMON_BLOCKS = YES;
				GCC_WARN_64_TO_32_BIT_CONVERSION = YES;
				GCC_WARN_ABOUT_RETURN_TYPE = YES_ERROR;
				GCC_WARN_UNDECLARED_SELECTOR = YES;
				GCC_WARN_UNINITIALIZED_AUTOS = YES_AGGRESSIVE;
				GCC_WARN_UNUSED_FUNCTION = YES;
				GCC_WARN_UNUSED_VARIABLE = YES;
				IPHONEOS_DEPLOYMENT_TARGET = 16.1;
				MTL_ENABLE_DEBUG_INFO = NO;
				MTL_FAST_MATH = YES;
				SDKROOT = iphoneos;
				SWIFT_COMPILATION_MODE = wholemodule;
				SWIFT_OPTIMIZATION_LEVEL = "-O";
				VALIDATE_PRODUCT = YES;
			};
			name = Release;
		};
		560735FE2990C2CA00097A3A /* Debug */ = {
			isa = XCBuildConfiguration;
			buildSettings = {
				ASSETCATALOG_COMPILER_APPICON_NAME = AppIcon;
				ASSETCATALOG_COMPILER_GLOBAL_ACCENT_COLOR_NAME = AccentColor;
				CODE_SIGN_STYLE = Automatic;
				CURRENT_PROJECT_VERSION = 1;
				DEVELOPMENT_TEAM = 2A5HS96N6K;
				GENERATE_INFOPLIST_FILE = YES;
				INFOPLIST_FILE = TestApp/Info.plist;
				INFOPLIST_KEY_UIApplicationSupportsIndirectInputEvents = YES;
				INFOPLIST_KEY_UILaunchStoryboardName = LaunchScreen;
				INFOPLIST_KEY_UIMainStoryboardFile = Main;
				INFOPLIST_KEY_UISupportedInterfaceOrientations_iPad = "UIInterfaceOrientationPortrait UIInterfaceOrientationPortraitUpsideDown UIInterfaceOrientationLandscapeLeft UIInterfaceOrientationLandscapeRight";
				INFOPLIST_KEY_UISupportedInterfaceOrientations_iPhone = "UIInterfaceOrientationPortrait UIInterfaceOrientationLandscapeLeft UIInterfaceOrientationLandscapeRight";
				LD_RUNPATH_SEARCH_PATHS = (
					"$(inherited)",
					"@executable_path/Frameworks",
				);
				MARKETING_VERSION = 1.0;
				PRODUCT_BUNDLE_IDENTIFIER = com.tealpoint.sqlayout;
				PRODUCT_NAME = "$(TARGET_NAME)";
				SWIFT_EMIT_LOC_STRINGS = YES;
				SWIFT_VERSION = 5.0;
				TARGETED_DEVICE_FAMILY = "1,2";
			};
			name = Debug;
		};
		560735FF2990C2CA00097A3A /* Release */ = {
			isa = XCBuildConfiguration;
			buildSettings = {
				ASSETCATALOG_COMPILER_APPICON_NAME = AppIcon;
				ASSETCATALOG_COMPILER_GLOBAL_ACCENT_COLOR_NAME = AccentColor;
				CODE_SIGN_STYLE = Automatic;
				CURRENT_PROJECT_VERSION = 1;
				DEVELOPMENT_TEAM = 2A5HS96N6K;
				GENERATE_INFOPLIST_FILE = YES;
				INFOPLIST_FILE = TestApp/Info.plist;
				INFOPLIST_KEY_UIApplicationSupportsIndirectInputEvents = YES;
				INFOPLIST_KEY_UILaunchStoryboardName = LaunchScreen;
				INFOPLIST_KEY_UIMainStoryboardFile = Main;
				INFOPLIST_KEY_UISupportedInterfaceOrientations_iPad = "UIInterfaceOrientationPortrait UIInterfaceOrientationPortraitUpsideDown UIInterfaceOrientationLandscapeLeft UIInterfaceOrientationLandscapeRight";
				INFOPLIST_KEY_UISupportedInterfaceOrientations_iPhone = "UIInterfaceOrientationPortrait UIInterfaceOrientationLandscapeLeft UIInterfaceOrientationLandscapeRight";
				LD_RUNPATH_SEARCH_PATHS = (
					"$(inherited)",
					"@executable_path/Frameworks",
				);
				MARKETING_VERSION = 1.0;
				PRODUCT_BUNDLE_IDENTIFIER = com.tealpoint.sqlayout;
				PRODUCT_NAME = "$(TARGET_NAME)";
				SWIFT_EMIT_LOC_STRINGS = YES;
				SWIFT_VERSION = 5.0;
				TARGETED_DEVICE_FAMILY = "1,2";
			};
			name = Release;
		};
		560736012990C2CA00097A3A /* Debug */ = {
			isa = XCBuildConfiguration;
			buildSettings = {
				ALWAYS_EMBED_SWIFT_STANDARD_LIBRARIES = YES;
				BUNDLE_LOADER = "$(TEST_HOST)";
				CODE_SIGN_STYLE = Automatic;
				CURRENT_PROJECT_VERSION = 1;
				DEVELOPMENT_TEAM = 2A5HS96N6K;
				GENERATE_INFOPLIST_FILE = YES;
				IPHONEOS_DEPLOYMENT_TARGET = 16.1;
				MARKETING_VERSION = 1.0;
				PRODUCT_BUNDLE_IDENTIFIER = com.tealpoint.slaykit.SLKitTests;
				PRODUCT_NAME = "$(TARGET_NAME)";
				SWIFT_EMIT_LOC_STRINGS = NO;
				SWIFT_VERSION = 5.0;
				TARGETED_DEVICE_FAMILY = "1,2";
				TEST_HOST = "$(BUILT_PRODUCTS_DIR)/SQLayout.app/$(BUNDLE_EXECUTABLE_FOLDER_PATH)/SQLayout";
			};
			name = Debug;
		};
		560736022990C2CA00097A3A /* Release */ = {
			isa = XCBuildConfiguration;
			buildSettings = {
				ALWAYS_EMBED_SWIFT_STANDARD_LIBRARIES = YES;
				BUNDLE_LOADER = "$(TEST_HOST)";
				CODE_SIGN_STYLE = Automatic;
				CURRENT_PROJECT_VERSION = 1;
				DEVELOPMENT_TEAM = 2A5HS96N6K;
				GENERATE_INFOPLIST_FILE = YES;
				IPHONEOS_DEPLOYMENT_TARGET = 16.1;
				MARKETING_VERSION = 1.0;
				PRODUCT_BUNDLE_IDENTIFIER = com.tealpoint.slaykit.SLKitTests;
				PRODUCT_NAME = "$(TARGET_NAME)";
				SWIFT_EMIT_LOC_STRINGS = NO;
				SWIFT_VERSION = 5.0;
				TARGETED_DEVICE_FAMILY = "1,2";
				TEST_HOST = "$(BUILT_PRODUCTS_DIR)/SQLayout.app/$(BUNDLE_EXECUTABLE_FOLDER_PATH)/SQLayout";
			};
			name = Release;
		};
		560736042990C2CA00097A3A /* Debug */ = {
			isa = XCBuildConfiguration;
			buildSettings = {
				ALWAYS_EMBED_SWIFT_STANDARD_LIBRARIES = YES;
				CODE_SIGN_STYLE = Automatic;
				CURRENT_PROJECT_VERSION = 1;
				DEVELOPMENT_TEAM = 2A5HS96N6K;
				GENERATE_INFOPLIST_FILE = YES;
				MARKETING_VERSION = 1.0;
				PRODUCT_BUNDLE_IDENTIFIER = com.tealpoint.slaykit.SLKitUITests;
				PRODUCT_NAME = "$(TARGET_NAME)";
				SWIFT_EMIT_LOC_STRINGS = NO;
				SWIFT_VERSION = 5.0;
				TARGETED_DEVICE_FAMILY = "1,2";
				TEST_TARGET_NAME = SLKit;
			};
			name = Debug;
		};
		560736052990C2CA00097A3A /* Release */ = {
			isa = XCBuildConfiguration;
			buildSettings = {
				ALWAYS_EMBED_SWIFT_STANDARD_LIBRARIES = YES;
				CODE_SIGN_STYLE = Automatic;
				CURRENT_PROJECT_VERSION = 1;
				DEVELOPMENT_TEAM = 2A5HS96N6K;
				GENERATE_INFOPLIST_FILE = YES;
				MARKETING_VERSION = 1.0;
				PRODUCT_BUNDLE_IDENTIFIER = com.tealpoint.slaykit.SLKitUITests;
				PRODUCT_NAME = "$(TARGET_NAME)";
				SWIFT_EMIT_LOC_STRINGS = NO;
				SWIFT_VERSION = 5.0;
				TARGETED_DEVICE_FAMILY = "1,2";
				TEST_TARGET_NAME = SLKit;
			};
			name = Release;
		};
/* End XCBuildConfiguration section */

/* Begin XCConfigurationList section */
		560735CE2990C2C900097A3A /* Build configuration list for PBXProject "SQLayout" */ = {
			isa = XCConfigurationList;
			buildConfigurations = (
				560735FB2990C2CA00097A3A /* Debug */,
				560735FC2990C2CA00097A3A /* Release */,
			);
			defaultConfigurationIsVisible = 0;
			defaultConfigurationName = Release;
		};
		560735FD2990C2CA00097A3A /* Build configuration list for PBXNativeTarget "SQLayout" */ = {
			isa = XCConfigurationList;
			buildConfigurations = (
				560735FE2990C2CA00097A3A /* Debug */,
				560735FF2990C2CA00097A3A /* Release */,
			);
			defaultConfigurationIsVisible = 0;
			defaultConfigurationName = Release;
		};
		560736002990C2CA00097A3A /* Build configuration list for PBXNativeTarget "SQLayoutTests" */ = {
			isa = XCConfigurationList;
			buildConfigurations = (
				560736012990C2CA00097A3A /* Debug */,
				560736022990C2CA00097A3A /* Release */,
			);
			defaultConfigurationIsVisible = 0;
			defaultConfigurationName = Release;
		};
		560736032990C2CA00097A3A /* Build configuration list for PBXNativeTarget "SQLayoutUITests" */ = {
			isa = XCConfigurationList;
			buildConfigurations = (
				560736042990C2CA00097A3A /* Debug */,
				560736052990C2CA00097A3A /* Release */,
			);
			defaultConfigurationIsVisible = 0;
			defaultConfigurationName = Release;
		};
/* End XCConfigurationList section */
	};
	rootObject = 560735CB2990C2C900097A3A /* Project object */;
}
